
Microsoft Visual Studio Solution File, Format Version 12.00
# Visual Studio Version 17
VisualStudioVersion = 17.2.32616.157
MinimumVisualStudioVersion = 10.0.40219.1
Project("{9A19103F-16F7-4668-BE54-9A1E7A4F7556}") = "API", "API1\API.csproj", "{58B589D0-50C8-460D-B7ED-CADA6F7A74D8}"
EndProject
Global
	GlobalSection(SolutionConfigurationPlatforms) = preSolution
		Debug|Any CPU = Debug|Any CPU
		Release|Any CPU = Release|Any CPU
	EndGlobalSection
	GlobalSection(ProjectConfigurationPlatforms) = postSolution
		{58B589D0-50C8-460D-B7ED-CADA6F7A74D8}.Debug|Any CPU.ActiveCfg = Debug|Any CPU
		{58B589D0-50C8-460D-B7ED-CADA6F7A74D8}.Debug|Any CPU.Build.0 = Debug|Any CPU
		{58B589D0-50C8-460D-B7ED-CADA6F7A74D8}.Release|Any CPU.ActiveCfg = Release|Any CPU
		{58B589D0-50C8-460D-B7ED-CADA6F7A74D8}.Release|Any CPU.Build.0 = Release|Any CPU
	EndGlobalSection
	GlobalSection(SolutionProperties) = preSolution
		HideSolutionNode = FALSE
	EndGlobalSection
	GlobalSection(ExtensibilityGlobals) = postSolution
		SolutionGuid = {24841D40-42B6-40AD-8539-B2AB363DA1A8}
	EndGlobalSection
EndGlobal
